
Microsoft Visual Studio Solution File, Format Version 12.00
# Visual Studio 15
VisualStudioVersion = 15.0.28307.438
MinimumVisualStudioVersion = 10.0.40219.1
Project("{9A19103F-16F7-4668-BE54-9A1E7A4F7556}") = "DigitalArt", "DigitalArt\DigitalArt.csproj", "{33FD0202-BECC-43E3-9C7A-A93E889F37BD}"
EndProject
Project("{FAE04EC0-301F-11D3-BF4B-00C04F79EFBC}") = "TestAPI", "TestAPI\TestAPI.csproj", "{28F7710E-8B3C-4D67-A37C-F827240B7E03}"
EndProject
Global
	GlobalSection(SolutionConfigurationPlatforms) = preSolution
		Debug|Any CPU = Debug|Any CPU
		Release|Any CPU = Release|Any CPU
	EndGlobalSection
	GlobalSection(ProjectConfigurationPlatforms) = postSolution
		{33FD0202-BECC-43E3-9C7A-A93E889F37BD}.Debug|Any CPU.ActiveCfg = Debug|Any CPU
		{33FD0202-BECC-43E3-9C7A-A93E889F37BD}.Debug|Any CPU.Build.0 = Debug|Any CPU
		{33FD0202-BECC-43E3-9C7A-A93E889F37BD}.Release|Any CPU.ActiveCfg = Release|Any CPU
		{33FD0202-BECC-43E3-9C7A-A93E889F37BD}.Release|Any CPU.Build.0 = Release|Any CPU
		{28F7710E-8B3C-4D67-A37C-F827240B7E03}.Debug|Any CPU.ActiveCfg = Debug|Any CPU
		{28F7710E-8B3C-4D67-A37C-F827240B7E03}.Debug|Any CPU.Build.0 = Debug|Any CPU
		{28F7710E-8B3C-4D67-A37C-F827240B7E03}.Release|Any CPU.ActiveCfg = Release|Any CPU
		{28F7710E-8B3C-4D67-A37C-F827240B7E03}.Release|Any CPU.Build.0 = Release|Any CPU
	EndGlobalSection
	GlobalSection(SolutionProperties) = preSolution
		HideSolutionNode = FALSE
	EndGlobalSection
	GlobalSection(ExtensibilityGlobals) = postSolution
		SolutionGuid = {E23B884F-F0C4-4C51-8F15-B171418146A5}
	EndGlobalSection
EndGlobal
